
Microsoft Visual Studio Solution File, Format Version 12.00
# Visual Studio Version 17
VisualStudioVersion = 17.5.33402.96
MinimumVisualStudioVersion = 10.0.40219.1
Project("{FAE04EC0-301F-11D3-BF4B-00C04F79EFBC}") = "ALICEIDLE", "ALICEIDLE.csproj", "{0C90D5E7-47DE-41C2-B57A-1D78E140B3C9}"
EndProject
Global
	GlobalSection(SolutionConfigurationPlatforms) = preSolution
		Debug|Any CPU = Debug|Any CPU
		Release|Any CPU = Release|Any CPU
	EndGlobalSection
	GlobalSection(ProjectConfigurationPlatforms) = postSolution
		{0C90D5E7-47DE-41C2-B57A-1D78E140B3C9}.Debug|Any CPU.ActiveCfg = Debug|Any CPU
		{0C90D5E7-47DE-41C2-B57A-1D78E140B3C9}.Debug|Any CPU.Build.0 = Debug|Any CPU
		{0C90D5E7-47DE-41C2-B57A-1D78E140B3C9}.Release|Any CPU.ActiveCfg = Release|Any CPU
		{0C90D5E7-47DE-41C2-B57A-1D78E140B3C9}.Release|Any CPU.Build.0 = Release|Any CPU
	EndGlobalSection
	GlobalSection(SolutionProperties) = preSolution
		HideSolutionNode = FALSE
	EndGlobalSection
	GlobalSection(ExtensibilityGlobals) = postSolution
		SolutionGuid = {406CF904-A77A-4BD8-8327-053A39E0A978}
	EndGlobalSection
EndGlobal
